{
  "name": "tradex-models-user-utility",
  "version": "1.0.0",
  "lockfileVersion": 1,
  "requires": true,
  "dependencies": {
    "@types/node": {
      "version": "10.17.21",
      "resolved": "https://registry.npmjs.org/@types/node/-/node-10.17.21.tgz",
      "integrity": "sha512-PQKsydPxYxF1DsAFWmunaxd3sOi3iMt6Zmx/tgaagHYmwJ/9cRH91hQkeJZaUGWbvn0K5HlSVEXkn5U/llWPpQ==",
      "dev": true
    },
    "tradex-models-common": {
      "version": "git+https://developer:MTU1ODU1NzAyMzA3Oo3soYhfp79LWp%2FuRR9MHrQXGbjj@bitbucket.tradex.vn/scm/ts/tradex-models-common-ts.git#d5919f1a13a3de0907e5387cd095d5d5fcc777de",
      "from": "git+https://developer:MTU1ODU1NzAyMzA3Oo3soYhfp79LWp%2FuRR9MHrQXGbjj@bitbucket.tradex.vn/scm/ts/tradex-models-common-ts.git",
      "requires": {
        "tslib": "^1.10.0"
      }
    },
    "tslib": {
      "version": "1.12.0",
      "resolved": "https://registry.npmjs.org/tslib/-/tslib-1.12.0.tgz",
      "integrity": "sha512-5rxCQkP0kytf4H1T4xz1imjxaUUPMvc5aWp0rJ/VMIN7ClRiH1FwFvBt8wOeMasp/epeUnmSW6CixSIePtiLqA=="
    },
    "tsutils": {
      "version": "3.17.1",
      "resolved": "https://registry.npmjs.org/tsutils/-/tsutils-3.17.1.tgz",
      "integrity": "sha512-kzeQ5B8H3w60nFY2g8cJIuH7JDpsALXySGtwGJ0p2LSjLgay3NdIpqq5SoOBe46bKDW2iq25irHCr8wjomUS2g==",
      "dev": true,
      "requires": {
        "tslib": "^1.8.1"
      }
    }
  }
}
