{
  "name": "tradex-models-user-utility",
  "version": "1.0.0",
  "lockfileVersion": 1,
  "requires": true,
  "dependencies": {
    "tradex-models-common": {
      "version": "git+https://developer:OTY1NTEyMzAwMDg1OjzTGBh+yXPGruMub8PTc5apjSN7@bitbucket.tradex.vn/scm/ts/tradex-models-common-ts.git#8995699a61599e650466b09aa717208e9962ecf5",
      "requires": {
        "tslib": "1.10.0"
      }
    },
    "tslib": {
      "version": "1.10.0",
      "resolved": "https://registry.npmjs.org/tslib/-/tslib-1.10.0.tgz",
      "integrity": "sha512-qOebF53frne81cf0S9B41ByenJ3/IuH8yJKngAX35CmiZySA0khhkovshKK+jGCaMnVomla7gVlIcc3EvKPbTQ=="
    }
  }
}
