{
  "name": "tradex-models-user-utility",
  "version": "1.0.0",
  "lockfileVersion": 1,
  "requires": true,
  "dependencies": {
    "@types/node": {
      "version": "10.17.26",
      "resolved": "https://registry.npmjs.org/@types/node/-/node-10.17.26.tgz",
      "integrity": "sha512-myMwkO2Cr82kirHY8uknNRHEVtn0wV3DTQfkrjx17jmkstDRZ24gNUdl8AHXVyVclTYI/bNjgTPTAWvWLqXqkw==",
      "dev": true
    },
    "tradex-models-common": {
      "version": "git+https://developer:MTU1ODU1NzAyMzA3Oo3soYhfp79LWp%2FuRR9MHrQXGbjj@bitbucket.tradex.vn/scm/ts/tradex-models-common-ts.git#4a39cf42550ca88681ee4d116e2287c8c67f1c54",
      "from": "git+https://developer:MTU1ODU1NzAyMzA3Oo3soYhfp79LWp%2FuRR9MHrQXGbjj@bitbucket.tradex.vn/scm/ts/tradex-models-common-ts.git",
      "requires": {
        "tslib": "^1.10.0"
      }
    },
    "tslib": {
      "version": "1.13.0",
      "resolved": "https://registry.npmjs.org/tslib/-/tslib-1.13.0.tgz",
      "integrity": "sha512-i/6DQjL8Xf3be4K/E6Wgpekn5Qasl1usyw++dAA35Ue5orEn65VIxOA+YvNNl9HV3qv70T7CNwjODHZrLwvd1Q=="
    },
    "tsutils": {
      "version": "3.17.1",
      "resolved": "https://registry.npmjs.org/tsutils/-/tsutils-3.17.1.tgz",
      "integrity": "sha512-kzeQ5B8H3w60nFY2g8cJIuH7JDpsALXySGtwGJ0p2LSjLgay3NdIpqq5SoOBe46bKDW2iq25irHCr8wjomUS2g==",
      "dev": true,
      "requires": {
        "tslib": "^1.8.1"
      }
    }
  }
}
